
Microsoft Visual Studio Solution File, Format Version 12.00
# Visual Studio 15
VisualStudioVersion = 15.0.27703.2000
MinimumVisualStudioVersion = 10.0.40219.1
Project("{FAE04EC0-301F-11D3-BF4B-00C04F79EFBC}") = "ConsoleApp2", "ConsoleApp2\ConsoleApp2.csproj", "{0E9FAB9B-ECF1-4263-8EC7-D8607432C4BB}"
EndProject
Global
	GlobalSection(SolutionConfigurationPlatforms) = preSolution
		Debug|Any CPU = Debug|Any CPU
		Release|Any CPU = Release|Any CPU
	EndGlobalSection
	GlobalSection(ProjectConfigurationPlatforms) = postSolution
		{0E9FAB9B-ECF1-4263-8EC7-D8607432C4BB}.Debug|Any CPU.ActiveCfg = Debug|Any CPU
		{0E9FAB9B-ECF1-4263-8EC7-D8607432C4BB}.Debug|Any CPU.Build.0 = Debug|Any CPU
		{0E9FAB9B-ECF1-4263-8EC7-D8607432C4BB}.Release|Any CPU.ActiveCfg = Release|Any CPU
		{0E9FAB9B-ECF1-4263-8EC7-D8607432C4BB}.Release|Any CPU.Build.0 = Release|Any CPU
	EndGlobalSection
	GlobalSection(SolutionProperties) = preSolution
		HideSolutionNode = FALSE
	EndGlobalSection
	GlobalSection(ExtensibilityGlobals) = postSolution
		SolutionGuid = {C01151DC-4148-45C7-B5CE-33C0BE0DFF94}
	EndGlobalSection
EndGlobal
